// !$*UTF8*$!
{
	archiveVersion = 1;
	classes = {
	};
	objectVersion = 50;
	objects = {

/* Begin PBXBuildFile section */
		1454371F213C453F0062E89B /* AppDelegate.swift in Sources */ = {isa = PBXBuildFile; fileRef = 1454371E213C453F0062E89B /* AppDelegate.swift */; };
		14543721213C453F0062E89B /* ViewController.swift in Sources */ = {isa = PBXBuildFile; fileRef = 14543720213C453F0062E89B /* ViewController.swift */; };
		14543724213C453F0062E89B /* Main.storyboard in Resources */ = {isa = PBXBuildFile; fileRef = 14543722213C453F0062E89B /* Main.storyboard */; };
		14543726213C45400062E89B /* Assets.xcassets in Resources */ = {isa = PBXBuildFile; fileRef = 14543725213C45400062E89B /* Assets.xcassets */; };
		14543729213C45400062E89B /* LaunchScreen.storyboard in Resources */ = {isa = PBXBuildFile; fileRef = 14543727213C45400062E89B /* LaunchScreen.storyboard */; };
		14543731213C46F00062E89B /* SierpinskiSimpleView.swift in Sources */ = {isa = PBXBuildFile; fileRef = 14543730213C46F00062E89B /* SierpinskiSimpleView.swift */; };
		14543733213D05D80062E89B /* SierpinskiCalculator.swift in Sources */ = {isa = PBXBuildFile; fileRef = 14543732213D05D80062E89B /* SierpinskiCalculator.swift */; };
		14543735213D08820062E89B /* CGPointExtension.swift in Sources */ = {isa = PBXBuildFile; fileRef = 14543734213D08820062E89B /* CGPointExtension.swift */; };
		14543737213D0A9A0062E89B /* SierpinskiView.swift in Sources */ = {isa = PBXBuildFile; fileRef = 14543736213D0A9A0062E89B /* SierpinskiView.swift */; };
/* End PBXBuildFile section */

/* Begin PBXFileReference section */
		1454371B213C453F0062E89B /* Sierpinski.app */ = {isa = PBXFileReference; explicitFileType = wrapper.application; includeInIndex = 0; path = Sierpinski.app; sourceTree = BUILT_PRODUCTS_DIR; };
		1454371E213C453F0062E89B /* AppDelegate.swift */ = {isa = PBXFileReference; lastKnownFileType = sourcecode.swift; path = AppDelegate.swift; sourceTree = "<group>"; };
		14543720213C453F0062E89B /* ViewController.swift */ = {isa = PBXFileReference; lastKnownFileType = sourcecode.swift; path = ViewController.swift; sourceTree = "<group>"; };
		14543723213C453F0062E89B /* Base */ = {isa = PBXFileReference; lastKnownFileType = file.storyboard; name = Base; path = Base.lproj/Main.storyboard; sourceTree = "<group>"; };
		14543725213C45400062E89B /* Assets.xcassets */ = {isa = PBXFileReference; lastKnownFileType = folder.assetcatalog; path = Assets.xcassets; sourceTree = "<group>"; };
		14543728213C45400062E89B /* Base */ = {isa = PBXFileReference; lastKnownFileType = file.storyboard; name = Base; path = Base.lproj/LaunchScreen.storyboard; sourceTree = "<group>"; };
		1454372A213C45400062E89B /* Info.plist */ = {isa = PBXFileReference; lastKnownFileType = text.plist.xml; path = Info.plist; sourceTree = "<group>"; };
		14543730213C46F00062E89B /* SierpinskiSimpleView.swift */ = {isa = PBXFileReference; lastKnownFileType = sourcecode.swift; path = SierpinskiSimpleView.swift; sourceTree = "<group>"; };
		14543732213D05D80062E89B /* SierpinskiCalculator.swift */ = {isa = PBXFileReference; lastKnownFileType = sourcecode.swift; path = SierpinskiCalculator.swift; sourceTree = "<group>"; };
		14543734213D08820062E89B /* CGPointExtension.swift */ = {isa = PBXFileReference; lastKnownFileType = sourcecode.swift; path = CGPointExtension.swift; sourceTree = "<group>"; };
		14543736213D0A9A0062E89B /* SierpinskiView.swift */ = {isa = PBXFileReference; lastKnownFileType = sourcecode.swift; path = SierpinskiView.swift; sourceTree = "<group>"; };
/* End PBXFileReference section */

/* Begin PBXFrameworksBuildPhase section */
		14543718213C453F0062E89B /* Frameworks */ = {
			isa = PBXFrameworksBuildPhase;
			buildActionMask = 2147483647;
			files = (
			);
			runOnlyForDeploymentPostprocessing = 0;
		};
/* End PBXFrameworksBuildPhase section */

/* Begin PBXGroup section */
		14543712213C453F0062E89B = {
			isa = PBXGroup;
			children = (
				1454371D213C453F0062E89B /* Sierpinski */,
				1454371C213C453F0062E89B /* Products */,
			);
			sourceTree = "<group>";
		};
		1454371C213C453F0062E89B /* Products */ = {
			isa = PBXGroup;
			children = (
				1454371B213C453F0062E89B /* Sierpinski.app */,
			);
			name = Products;
			sourceTree = "<group>";
		};
		1454371D213C453F0062E89B /* Sierpinski */ = {
			isa = PBXGroup;
			children = (
				1454371E213C453F0062E89B /* AppDelegate.swift */,
				14543720213C453F0062E89B /* ViewController.swift */,
				14543722213C453F0062E89B /* Main.storyboard */,
				14543730213C46F00062E89B /* SierpinskiSimpleView.swift */,
				14543736213D0A9A0062E89B /* SierpinskiView.swift */,
				14543732213D05D80062E89B /* SierpinskiCalculator.swift */,
				14543734213D08820062E89B /* CGPointExtension.swift */,
				14543725213C45400062E89B /* Assets.xcassets */,
				14543727213C45400062E89B /* LaunchScreen.storyboard */,
				1454372A213C45400062E89B /* Info.plist */,
			);
			path = Sierpinski;
			sourceTree = "<group>";
		};
/* End PBXGroup section */

/* Begin PBXNativeTarget section */
		1454371A213C453F0062E89B /* Sierpinski */ = {
			isa = PBXNativeTarget;
			buildConfigurationList = 1454372D213C45400062E89B /* Build configuration list for PBXNativeTarget "Sierpinski" */;
			buildPhases = (
				14543717213C453F0062E89B /* Sources */,
				14543718213C453F0062E89B /* Frameworks */,
				14543719213C453F0062E89B /* Resources */,
			);
			buildRules = (
			);
			dependencies = (
			);
			name = Sierpinski;
			productName = Sierpinski;
			productReference = 1454371B213C453F0062E89B /* Sierpinski.app */;
			productType = "com.apple.product-type.application";
		};
/* End PBXNativeTarget section */

/* Begin PBXProject section */
		14543713213C453F0062E89B /* Project object */ = {
			isa = PBXProject;
			attributes = {
				LastSwiftUpdateCheck = 0940;
				LastUpgradeCheck = 0940;
				ORGANIZATIONNAME = "Sung Heroes LLC";
				TargetAttributes = {
					1454371A213C453F0062E89B = {
						CreatedOnToolsVersion = 9.4.1;
					};
				};
			};
			buildConfigurationList = 14543716213C453F0062E89B /* Build configuration list for PBXProject "Sierpinski" */;
			compatibilityVersion = "Xcode 9.3";
			developmentRegion = en;
			hasScannedForEncodings = 0;
			knownRegions = (
				en,
				Base,
			);
			mainGroup = 14543712213C453F0062E89B;
			productRefGroup = 1454371C213C453F0062E89B /* Products */;
			projectDirPath = "";
			projectRoot = "";
			targets = (
				1454371A213C453F0062E89B /* Sierpinski */,
			);
		};
/* End PBXProject section */

/* Begin PBXResourcesBuildPhase section */
		14543719213C453F0062E89B /* Resources */ = {
			isa = PBXResourcesBuildPhase;
			buildActionMask = 2147483647;
			files = (
				14543729213C45400062E89B /* LaunchScreen.storyboard in Resources */,
				14543726213C45400062E89B /* Assets.xcassets in Resources */,
				14543724213C453F0062E89B /* Main.storyboard in Resources */,
			);
			runOnlyForDeploymentPostprocessing = 0;
		};
/* End PBXResourcesBuildPhase section */

/* Begin PBXSourcesBuildPhase section */
		14543717213C453F0062E89B /* Sources */ = {
			isa = PBXSourcesBuildPhase;
			buildActionMask = 2147483647;
			files = (
				14543733213D05D80062E89B /* SierpinskiCalculator.swift in Sources */,
				14543721213C453F0062E89B /* ViewController.swift in Sources */,
				14543735213D08820062E89B /* CGPointExtension.swift in Sources */,
				14543731213C46F00062E89B /* SierpinskiSimpleView.swift in Sources */,
				1454371F213C453F0062E89B /* AppDelegate.swift in Sources */,
				14543737213D0A9A0062E89B /* SierpinskiView.swift in Sources */,
			);
			runOnlyForDeploymentPostprocessing = 0;
		};
/* End PBXSourcesBuildPhase section */

/* Begin PBXVariantGroup section */
		14543722213C453F0062E89B /* Main.storyboard */ = {
			isa = PBXVariantGroup;
			children = (
				14543723213C453F0062E89B /* Base */,
			);
			name = Main.storyboard;
			sourceTree = "<group>";
		};
		14543727213C45400062E89B /* LaunchScreen.storyboard */ = {
			isa = PBXVariantGroup;
			children = (
				14543728213C45400062E89B /* Base */,
			);
			name = LaunchScreen.storyboard;
			sourceTree = "<group>";
		};
/* End PBXVariantGroup section */

/* Begin XCBuildConfiguration section */
		1454372B213C45400062E89B /* Debug */ = {
			isa = XCBuildConfiguration;
			buildSettings = {
				ALWAYS_SEARCH_USER_PATHS = NO;
				CLANG_ANALYZER_NONNULL = YES;
				CLANG_ANALYZER_NUMBER_OBJECT_CONVERSION = YES_AGGRESSIVE;
				CLANG_CXX_LANGUAGE_STANDARD = "gnu++14";
				CLANG_CXX_LIBRARY = "libc++";
				CLANG_ENABLE_MODULES = YES;
				CLANG_ENABLE_OBJC_ARC = YES;
				CLANG_ENABLE_OBJC_WEAK = YES;
				CLANG_WARN_BLOCK_CAPTURE_AUTORELEASING = YES;
				CLANG_WARN_BOOL_CONVERSION = YES;
				CLANG_WARN_COMMA = YES;
				CLANG_WARN_CONSTANT_CONVERSION = YES;
				CLANG_WARN_DEPRECATED_OBJC_IMPLEMENTATIONS = YES;
				CLANG_WARN_DIRECT_OBJC_ISA_USAGE = YES_ERROR;
				CLANG_WARN_DOCUMENTATION_COMMENTS = YES;
				CLANG_WARN_EMPTY_BODY = YES;
				CLANG_WARN_ENUM_CONVERSION = YES;
				CLANG_WARN_INFINITE_RECURSION = YES;
				CLANG_WARN_INT_CONVERSION = YES;
				CLANG_WARN_NON_LITERAL_NULL_CONVERSION = YES;
				CLANG_WARN_OBJC_IMPLICIT_RETAIN_SELF = YES;
				CLANG_WARN_OBJC_LITERAL_CONVERSION = YES;
				CLANG_WARN_OBJC_ROOT_CLASS = YES_ERROR;
				CLANG_WARN_RANGE_LOOP_ANALYSIS = YES;
				CLANG_WARN_STRICT_PROTOTYPES = YES;
				CLANG_WARN_SUSPICIOUS_MOVE = YES;
				CLANG_WARN_UNGUARDED_AVAILABILITY = YES_AGGRESSIVE;
				CLANG_WARN_UNREACHABLE_CODE = YES;
				CLANG_WARN__DUPLICATE_METHOD_MATCH = YES;
				CODE_SIGN_IDENTITY = "iPhone Developer";
				COPY_PHASE_STRIP = NO;
				DEBUG_INFORMATION_FORMAT = dwarf;
				ENABLE_STRICT_OBJC_MSGSEND = YES;
				ENABLE_TESTABILITY = YES;
				GCC_C_LANGUAGE_STANDARD = gnu11;
				GCC_DYNAMIC_NO_PIC = NO;
				GCC_NO_COMMON_BLOCKS = YES;
				GCC_OPTIMIZATION_LEVEL = 0;
				GCC_PREPROCESSOR_DEFINITIONS = (
					"DEBUG=1",
					"$(inherited)",
				);
				GCC_WARN_64_TO_32_BIT_CONVERSION = YES;
				GCC_WARN_ABOUT_RETURN_TYPE = YES_ERROR;
				GCC_WARN_UNDECLARED_SELECTOR = YES;
				GCC_WARN_UNINITIALIZED_AUTOS = YES_AGGRESSIVE;
				GCC_WARN_UNUSED_FUNCTION = YES;
				GCC_WARN_UNUSED_VARIABLE = YES;
				IPHONEOS_DEPLOYMENT_TARGET = 11.4;
				MTL_ENABLE_DEBUG_INFO = YES;
				ONLY_ACTIVE_ARCH = YES;
				SDKROOT = iphoneos;
				SWIFT_ACTIVE_COMPILATION_CONDITIONS = DEBUG;
				SWIFT_OPTIMIZATION_LEVEL = "-Onone";
			};
			name = Debug;
		};
		1454372C213C45400062E89B /* Release */ = {
			isa = XCBuildConfiguration;
			buildSettings = {
				ALWAYS_SEARCH_USER_PATHS = NO;
				CLANG_ANALYZER_NONNULL = YES;
				CLANG_ANALYZER_NUMBER_OBJECT_CONVERSION = YES_AGGRESSIVE;
				CLANG_CXX_LANGUAGE_STANDARD = "gnu++14";
				CLANG_CXX_LIBRARY = "libc++";
				CLANG_ENABLE_MODULES = YES;
				CLANG_ENABLE_OBJC_ARC = YES;
				CLANG_ENABLE_OBJC_WEAK = YES;
				CLANG_WARN_BLOCK_CAPTURE_AUTORELEASING = YES;
				CLANG_WARN_BOOL_CONVERSION = YES;
				CLANG_WARN_COMMA = YES;
				CLANG_WARN_CONSTANT_CONVERSION = YES;
				CLANG_WARN_DEPRECATED_OBJC_IMPLEMENTATIONS = YES;
				CLANG_WARN_DIRECT_OBJC_ISA_USAGE = YES_ERROR;
				CLANG_WARN_DOCUMENTATION_COMMENTS = YES;
				CLANG_WARN_EMPTY_BODY = YES;
				CLANG_WARN_ENUM_CONVERSION = YES;
				CLANG_WARN_INFINITE_RECURSION = YES;
				CLANG_WARN_INT_CONVERSION = YES;
				CLANG_WARN_NON_LITERAL_NULL_CONVERSION = YES;
				CLANG_WARN_OBJC_IMPLICIT_RETAIN_SELF = YES;
				CLANG_WARN_OBJC_LITERAL_CONVERSION = YES;
				CLANG_WARN_OBJC_ROOT_CLASS = YES_ERROR;
				CLANG_WARN_RANGE_LOOP_ANALYSIS = YES;
				CLANG_WARN_STRICT_PROTOTYPES = YES;
				CLANG_WARN_SUSPICIOUS_MOVE = YES;
				CLANG_WARN_UNGUARDED_AVAILABILITY = YES_AGGRESSIVE;
				CLANG_WARN_UNREACHABLE_CODE = YES;
				CLANG_WARN__DUPLICATE_METHOD_MATCH = YES;
				CODE_SIGN_IDENTITY = "iPhone Developer";
				COPY_PHASE_STRIP = NO;
				DEBUG_INFORMATION_FORMAT = "dwarf-with-dsym";
				ENABLE_NS_ASSERTIONS = NO;
				ENABLE_STRICT_OBJC_MSGSEND = YES;
				GCC_C_LANGUAGE_STANDARD = gnu11;
				GCC_NO_COMMON_BLOCKS = YES;
				GCC_WARN_64_TO_32_BIT_CONVERSION = YES;
				GCC_WARN_ABOUT_RETURN_TYPE = YES_ERROR;
				GCC_WARN_UNDECLARED_SELECTOR = YES;
				GCC_WARN_UNINITIALIZED_AUTOS = YES_AGGRESSIVE;
				GCC_WARN_UNUSED_FUNCTION = YES;
				GCC_WARN_UNUSED_VARIABLE = YES;
				IPHONEOS_DEPLOYMENT_TARGET = 11.4;
				MTL_ENABLE_DEBUG_INFO = NO;
				SDKROOT = iphoneos;
				SWIFT_COMPILATION_MODE = wholemodule;
				SWIFT_OPTIMIZATION_LEVEL = "-O";
				VALIDATE_PRODUCT = YES;
			};
			name = Release;
		};
		1454372E213C45400062E89B /* Debug */ = {
			isa = XCBuildConfiguration;
			buildSettings = {
				ASSETCATALOG_COMPILER_APPICON_NAME = AppIcon;
				CODE_SIGN_STYLE = Automatic;
				DEVELOPMENT_TEAM = JSEA4J47A3;
				INFOPLIST_FILE = Sierpinski/Info.plist;
				LD_RUNPATH_SEARCH_PATHS = (
					"$(inherited)",
					"@executable_path/Frameworks",
				);
				PRODUCT_BUNDLE_IDENTIFIER = com.sungheroes.Sierpinski;
				PRODUCT_NAME = "$(TARGET_NAME)";
				SWIFT_VERSION = 4.0;
				TARGETED_DEVICE_FAMILY = "1,2";
			};
			name = Debug;
		};
		1454372F213C45400062E89B /* Release */ = {
			isa = XCBuildConfiguration;
			buildSettings = {
				ASSETCATALOG_COMPILER_APPICON_NAME = AppIcon;
				CODE_SIGN_STYLE = Automatic;
				DEVELOPMENT_TEAM = JSEA4J47A3;
				INFOPLIST_FILE = Sierpinski/Info.plist;
				LD_RUNPATH_SEARCH_PATHS = (
					"$(inherited)",
					"@executable_path/Frameworks",
				);
				PRODUCT_BUNDLE_IDENTIFIER = com.sungheroes.Sierpinski;
				PRODUCT_NAME = "$(TARGET_NAME)";
				SWIFT_VERSION = 4.0;
				TARGETED_DEVICE_FAMILY = "1,2";
			};
			name = Release;
		};
/* End XCBuildConfiguration section */

/* Begin XCConfigurationList section */
		14543716213C453F0062E89B /* Build configuration list for PBXProject "Sierpinski" */ = {
			isa = XCConfigurationList;
			buildConfigurations = (
				1454372B213C45400062E89B /* Debug */,
				1454372C213C45400062E89B /* Release */,
			);
			defaultConfigurationIsVisible = 0;
			defaultConfigurationName = Release;
		};
		1454372D213C45400062E89B /* Build configuration list for PBXNativeTarget "Sierpinski" */ = {
			isa = XCConfigurationList;
			buildConfigurations = (
				1454372E213C45400062E89B /* Debug */,
				1454372F213C45400062E89B /* Release */,
			);
			defaultConfigurationIsVisible = 0;
			defaultConfigurationName = Release;
		};
/* End XCConfigurationList section */
	};
	rootObject = 14543713213C453F0062E89B /* Project object */;
}
